
Microsoft Visual Studio Solution File, Format Version 12.00
# Visual Studio Version 17
VisualStudioVersion = 17.7.34031.279
MinimumVisualStudioVersion = 10.0.40219.1
Project("{FAE04EC0-301F-11D3-BF4B-00C04F79EFBC}") = "CleanArchitecture.ConsoleApp", "CleanArchitecture.ConsoleApp\CleanArchitecture.ConsoleApp.csproj", "{9D95EFF9-022D-4902-9051-797E94DBA47E}"
EndProject
Project("{FAE04EC0-301F-11D3-BF4B-00C04F79EFBC}") = "CleanArchitecture.Data", "CleanArchitecture.Data\CleanArchitecture.Data.csproj", "{2F8B04F3-BE5E-4B76-ABF3-A8E588E4B6D3}"
EndProject
Project("{FAE04EC0-301F-11D3-BF4B-00C04F79EFBC}") = "CleanArchitecture.Domain", "CleanArchitecture.Domain\CleanArchitecture.Domain.csproj", "{70921B79-8443-4124-8822-8218F648F66D}"
EndProject
Global
	GlobalSection(SolutionConfigurationPlatforms) = preSolution
		Debug|Any CPU = Debug|Any CPU
		Release|Any CPU = Release|Any CPU
	EndGlobalSection
	GlobalSection(ProjectConfigurationPlatforms) = postSolution
		{9D95EFF9-022D-4902-9051-797E94DBA47E}.Debug|Any CPU.ActiveCfg = Debug|Any CPU
		{9D95EFF9-022D-4902-9051-797E94DBA47E}.Debug|Any CPU.Build.0 = Debug|Any CPU
		{9D95EFF9-022D-4902-9051-797E94DBA47E}.Release|Any CPU.ActiveCfg = Release|Any CPU
		{9D95EFF9-022D-4902-9051-797E94DBA47E}.Release|Any CPU.Build.0 = Release|Any CPU
		{2F8B04F3-BE5E-4B76-ABF3-A8E588E4B6D3}.Debug|Any CPU.ActiveCfg = Debug|Any CPU
		{2F8B04F3-BE5E-4B76-ABF3-A8E588E4B6D3}.Debug|Any CPU.Build.0 = Debug|Any CPU
		{2F8B04F3-BE5E-4B76-ABF3-A8E588E4B6D3}.Release|Any CPU.ActiveCfg = Release|Any CPU
		{2F8B04F3-BE5E-4B76-ABF3-A8E588E4B6D3}.Release|Any CPU.Build.0 = Release|Any CPU
		{70921B79-8443-4124-8822-8218F648F66D}.Debug|Any CPU.ActiveCfg = Debug|Any CPU
		{70921B79-8443-4124-8822-8218F648F66D}.Debug|Any CPU.Build.0 = Debug|Any CPU
		{70921B79-8443-4124-8822-8218F648F66D}.Release|Any CPU.ActiveCfg = Release|Any CPU
		{70921B79-8443-4124-8822-8218F648F66D}.Release|Any CPU.Build.0 = Release|Any CPU
	EndGlobalSection
	GlobalSection(SolutionProperties) = preSolution
		HideSolutionNode = FALSE
	EndGlobalSection
	GlobalSection(ExtensibilityGlobals) = postSolution
		SolutionGuid = {BD97B542-6BB0-4460-9ED5-22D4FCE2B54A}
	EndGlobalSection
EndGlobal
